
Microsoft Visual Studio Solution File, Format Version 11.00
# Visual Studio 2010
Project("{D2ABAB84-BF74-430A-B69E-9DC6D40DDA17}") = "Practica4", "Practica4\Practica4.dwproj", "{1B3F59F5-91B0-4655-85D0-1AB35F910A6B}"
EndProject
Global
	GlobalSection(SolutionConfigurationPlatforms) = preSolution
		Development|Default = Development|Default
	EndGlobalSection
	GlobalSection(ProjectConfigurationPlatforms) = postSolution
		{1B3F59F5-91B0-4655-85D0-1AB35F910A6B}.Development|Default.ActiveCfg = Development
		{1B3F59F5-91B0-4655-85D0-1AB35F910A6B}.Development|Default.Build.0 = Development
		{1B3F59F5-91B0-4655-85D0-1AB35F910A6B}.Development|Default.Deploy.0 = Development
	EndGlobalSection
	GlobalSection(SolutionProperties) = preSolution
		HideSolutionNode = FALSE
	EndGlobalSection
EndGlobal
